
Microsoft Visual Studio Solution File, Format Version 12.00
# Visual Studio Version 17
VisualStudioVersion = 17.4.33110.190
MinimumVisualStudioVersion = 10.0.40219.1
Project("{FAE04EC0-301F-11D3-BF4B-00C04F79EFBC}") = "C DILI FORM DER RADIO  BUTON", "C DILI FORM DER RADIO  BUTON\C DILI FORM DER RADIO  BUTON.csproj", "{3D9BF45A-6AD4-48A6-9F2F-A4352D0DACEC}"
EndProject
Global
	GlobalSection(SolutionConfigurationPlatforms) = preSolution
		Debug|Any CPU = Debug|Any CPU
		Release|Any CPU = Release|Any CPU
	EndGlobalSection
	GlobalSection(ProjectConfigurationPlatforms) = postSolution
		{3D9BF45A-6AD4-48A6-9F2F-A4352D0DACEC}.Debug|Any CPU.ActiveCfg = Debug|Any CPU
		{3D9BF45A-6AD4-48A6-9F2F-A4352D0DACEC}.Debug|Any CPU.Build.0 = Debug|Any CPU
		{3D9BF45A-6AD4-48A6-9F2F-A4352D0DACEC}.Release|Any CPU.ActiveCfg = Release|Any CPU
		{3D9BF45A-6AD4-48A6-9F2F-A4352D0DACEC}.Release|Any CPU.Build.0 = Release|Any CPU
	EndGlobalSection
	GlobalSection(SolutionProperties) = preSolution
		HideSolutionNode = FALSE
	EndGlobalSection
	GlobalSection(ExtensibilityGlobals) = postSolution
		SolutionGuid = {0085D9F8-0AB2-4496-BCB3-39717A25BD2F}
	EndGlobalSection
EndGlobal
